
Microsoft Visual Studio Solution File, Format Version 12.00
# Visual Studio Version 17
VisualStudioVersion = 17.8.34330.188
MinimumVisualStudioVersion = 10.0.40219.1
Project("{FAE04EC0-301F-11D3-BF4B-00C04F79EFBC}") = "BaiTap1112", "BaiTap1112\BaiTap1112.csproj", "{9EDD18BA-165F-4187-B2D6-53BB9557A59A}"
EndProject
Global
	GlobalSection(SolutionConfigurationPlatforms) = preSolution
		Debug|Any CPU = Debug|Any CPU
		Release|Any CPU = Release|Any CPU
	EndGlobalSection
	GlobalSection(ProjectConfigurationPlatforms) = postSolution
		{9EDD18BA-165F-4187-B2D6-53BB9557A59A}.Debug|Any CPU.ActiveCfg = Debug|Any CPU
		{9EDD18BA-165F-4187-B2D6-53BB9557A59A}.Debug|Any CPU.Build.0 = Debug|Any CPU
		{9EDD18BA-165F-4187-B2D6-53BB9557A59A}.Release|Any CPU.ActiveCfg = Release|Any CPU
		{9EDD18BA-165F-4187-B2D6-53BB9557A59A}.Release|Any CPU.Build.0 = Release|Any CPU
	EndGlobalSection
	GlobalSection(SolutionProperties) = preSolution
		HideSolutionNode = FALSE
	EndGlobalSection
	GlobalSection(ExtensibilityGlobals) = postSolution
		SolutionGuid = {495546D8-B9A1-4D18-B361-4FAAC9BE7FC5}
	EndGlobalSection
EndGlobal
